
Microsoft Visual Studio Solution File, Format Version 12.00
# Visual Studio Version 17
VisualStudioVersion = 17.14.36212.18 d17.14
MinimumVisualStudioVersion = 10.0.40219.1
Project("{FAE04EC0-301F-11D3-BF4B-00C04F79EFBC}") = "06Contains", "06Contains.csproj", "{A8A13895-4FF0-49B1-A34F-18A7F353E77F}"
EndProject
Global
	GlobalSection(SolutionConfigurationPlatforms) = preSolution
		Debug|Any CPU = Debug|Any CPU
		Release|Any CPU = Release|Any CPU
	EndGlobalSection
	GlobalSection(ProjectConfigurationPlatforms) = postSolution
		{A8A13895-4FF0-49B1-A34F-18A7F353E77F}.Debug|Any CPU.ActiveCfg = Debug|Any CPU
		{A8A13895-4FF0-49B1-A34F-18A7F353E77F}.Debug|Any CPU.Build.0 = Debug|Any CPU
		{A8A13895-4FF0-49B1-A34F-18A7F353E77F}.Release|Any CPU.ActiveCfg = Release|Any CPU
		{A8A13895-4FF0-49B1-A34F-18A7F353E77F}.Release|Any CPU.Build.0 = Release|Any CPU
	EndGlobalSection
	GlobalSection(SolutionProperties) = preSolution
		HideSolutionNode = FALSE
	EndGlobalSection
	GlobalSection(ExtensibilityGlobals) = postSolution
		SolutionGuid = {250087A1-7DB9-4FDD-BA01-A941A2EA4C26}
	EndGlobalSection
EndGlobal
