
Microsoft Visual Studio Solution File, Format Version 12.00
# Visual Studio Version 17
VisualStudioVersion = 17.14.36212.18 d17.14
MinimumVisualStudioVersion = 10.0.40219.1
Project("{FAE04EC0-301F-11D3-BF4B-00C04F79EFBC}") = "04-AllEjercicios", "04-AllEjercicios.csproj", "{20BB921D-2B32-4FF0-A533-2E6298A55C82}"
EndProject
Global
	GlobalSection(SolutionConfigurationPlatforms) = preSolution
		Debug|Any CPU = Debug|Any CPU
		Release|Any CPU = Release|Any CPU
	EndGlobalSection
	GlobalSection(ProjectConfigurationPlatforms) = postSolution
		{20BB921D-2B32-4FF0-A533-2E6298A55C82}.Debug|Any CPU.ActiveCfg = Debug|Any CPU
		{20BB921D-2B32-4FF0-A533-2E6298A55C82}.Debug|Any CPU.Build.0 = Debug|Any CPU
		{20BB921D-2B32-4FF0-A533-2E6298A55C82}.Release|Any CPU.ActiveCfg = Release|Any CPU
		{20BB921D-2B32-4FF0-A533-2E6298A55C82}.Release|Any CPU.Build.0 = Release|Any CPU
	EndGlobalSection
	GlobalSection(SolutionProperties) = preSolution
		HideSolutionNode = FALSE
	EndGlobalSection
	GlobalSection(ExtensibilityGlobals) = postSolution
		SolutionGuid = {2ABF860D-ED7B-4C18-B2EF-40C957F4C410}
	EndGlobalSection
EndGlobal
